
Microsoft Visual Studio Solution File, Format Version 12.00
# Visual Studio Version 17
VisualStudioVersion = 17.11.35312.102
MinimumVisualStudioVersion = 10.0.40219.1
Project("{2150E333-8FDC-42A3-9474-1A3956D46DE8}") = "Task0", "Task0", "{0E93D7D3-3D9F-470D-9C23-C41FD10D1209}"
EndProject
Project("{9A19103F-16F7-4668-BE54-9A1E7A4F7556}") = "Tyuiu.SchcapovMA.Sprint5.Task0.V5", "Tyuiu.SchcapovMA.Sprint5.Task0.V5\Tyuiu.SchcapovMA.Sprint5.Task0.V5.csproj", "{868DCB7F-4047-431E-9F9A-1BD5A6DD2A28}"
EndProject
Project("{9A19103F-16F7-4668-BE54-9A1E7A4F7556}") = "Tyuiu.SchcapovMA.Sprint5.Task0.V5.Lib", "Tyuiu.SchcapovMA.Sprint5.Task0.V5.Lib\Tyuiu.SchcapovMA.Sprint5.Task0.V5.Lib.csproj", "{2B40157D-AA5D-4599-88A5-BCA4F1E2A8B8}"
EndProject
Project("{9A19103F-16F7-4668-BE54-9A1E7A4F7556}") = "Tyuiu.SchcapovMA.Sprint5.Task0.V5.Test", "Tyuiu.SchcapovMA.Sprint5.Task0.V5.Test\Tyuiu.SchcapovMA.Sprint5.Task0.V5.Test.csproj", "{7A1E5031-0FEE-449B-A728-78FBD9832E85}"
EndProject
Project("{2150E333-8FDC-42A3-9474-1A3956D46DE8}") = "Task1", "Task1", "{FE1BA208-92CD-4AAD-8500-F038F1CDCDCE}"
EndProject
Project("{9A19103F-16F7-4668-BE54-9A1E7A4F7556}") = "Tyuiu.SchcapovMA.Sprint5.Task1.V2", "Tyuiu.SchcapovMA.Sprint5.Task1.V2\Tyuiu.SchcapovMA.Sprint5.Task1.V2.csproj", "{B921A90D-0283-4CD1-9825-6EAE192D78BE}"
EndProject
Project("{9A19103F-16F7-4668-BE54-9A1E7A4F7556}") = "Tyuiu.SchcapovMA.Sprint5.Task1.V2.Lib", "Tyuiu.SchcapovMA.Sprint5.Task1.V2.Lib\Tyuiu.SchcapovMA.Sprint5.Task1.V2.Lib.csproj", "{2D4DA6E0-FD50-4FA1-940D-580E8A7D6DFA}"
EndProject
Project("{9A19103F-16F7-4668-BE54-9A1E7A4F7556}") = "Tyuiu.SchcapovMA.Sprint5.Task1.V2.Test", "Tyuiu.SchcapovMA.Sprint5.Task1.V2.Test\Tyuiu.SchcapovMA.Sprint5.Task1.V2.Test.csproj", "{EDD68923-CCC0-4701-9C41-FA3FEDE956DF}"
EndProject
Project("{2150E333-8FDC-42A3-9474-1A3956D46DE8}") = "Task2", "Task2", "{CB5842EE-8773-49D5-8A59-2B6EECD5F7D0}"
EndProject
Project("{9A19103F-16F7-4668-BE54-9A1E7A4F7556}") = "Tyuiu.SchcapovMA.Sprint5.Task2.V17", "Tyuiu.SchcapovMA.Sprint5.Task2.V17\Tyuiu.SchcapovMA.Sprint5.Task2.V17.csproj", "{A348D0BA-71E8-461F-B22A-3438F65839D4}"
EndProject
Project("{9A19103F-16F7-4668-BE54-9A1E7A4F7556}") = "Tyuiu.SchcapovMA.Sprint5.Task2.V17.Lib", "Tyuiu.SchcapovMA.Sprint5.Task2.V17.Lib\Tyuiu.SchcapovMA.Sprint5.Task2.V17.Lib.csproj", "{20B9C800-FE99-46EA-8170-837A4094AA24}"
EndProject
Project("{9A19103F-16F7-4668-BE54-9A1E7A4F7556}") = "Tyuiu.SchcapovMA.Sprint5.Task2.V17.Test", "Tyuiu.SchcapovMA.Sprint5.Task2.V17.Test\Tyuiu.SchcapovMA.Sprint5.Task2.V17.Test.csproj", "{F0AA28F5-351D-424A-A479-13F88238BBCA}"
EndProject
Project("{2150E333-8FDC-42A3-9474-1A3956D46DE8}") = "Task3", "Task3", "{E8095777-FA38-4B45-9A48-3D49AA86967B}"
EndProject
Project("{9A19103F-16F7-4668-BE54-9A1E7A4F7556}") = "Tyuiu.SchcapovMA.Sprint5.Task3.V1", "Tyuiu.SchcapovMA.Sprint5.Task3.V1\Tyuiu.SchcapovMA.Sprint5.Task3.V1.csproj", "{C9256EB2-A828-4C68-AB81-A40F3B8D2EB1}"
EndProject
Project("{9A19103F-16F7-4668-BE54-9A1E7A4F7556}") = "Tyuiu.SchcapovMA.Sprint5.Task3.V1.Lib", "Tyuiu.SchcapovMA.Sprint5.Task3.V1.Lib\Tyuiu.SchcapovMA.Sprint5.Task3.V1.Lib.csproj", "{C06AA432-70BE-4BBF-8217-819F1154EAC0}"
EndProject
Project("{9A19103F-16F7-4668-BE54-9A1E7A4F7556}") = "Tyuiu.SchcapovMA.Sprint5.Task3.V1.Test", "Tyuiu.SchcapovMA.Sprint5.Task3.V1.Test\Tyuiu.SchcapovMA.Sprint5.Task3.V1.Test.csproj", "{1E6F0C45-E71D-4915-91CD-C6933DC56CBA}"
EndProject
Project("{2150E333-8FDC-42A3-9474-1A3956D46DE8}") = "Task4", "Task4", "{1E92F713-2B07-4645-926B-94ADEDF9618A}"
EndProject
Project("{9A19103F-16F7-4668-BE54-9A1E7A4F7556}") = "Tyuiu.SchcapovMA.Sprint5.Task4.V23", "Tyuiu.SchcapovMA.Sprint5.Task4.V23\Tyuiu.SchcapovMA.Sprint5.Task4.V23.csproj", "{A90083C6-3434-4E4E-B77A-C047E925429D}"
EndProject
Project("{9A19103F-16F7-4668-BE54-9A1E7A4F7556}") = "Tyuiu.SchcapovMA.Sprint5.Task4.V23.Lib", "Tyuiu.SchcapovMA.Sprint5.Task4.V23.Lib\Tyuiu.SchcapovMA.Sprint5.Task4.V23.Lib.csproj", "{7AB6CBFB-76CC-4BC6-8901-016C1C7DD9E0}"
EndProject
Project("{9A19103F-16F7-4668-BE54-9A1E7A4F7556}") = "Tyuiu.SchcapovMA.Sprint5.Task4.V23.Test", "Tyuiu.SchcapovMA.Sprint5.Task4.V23.Test\Tyuiu.SchcapovMA.Sprint5.Task4.V23.Test.csproj", "{8C6F8173-FFA0-4E1D-8B8C-B8EA5C1C3011}"
EndProject
Project("{2150E333-8FDC-42A3-9474-1A3956D46DE8}") = "Task5", "Task5", "{6C294537-55F2-44D4-BD64-5562B350D94C}"
EndProject
Project("{9A19103F-16F7-4668-BE54-9A1E7A4F7556}") = "Tyuiu.SchcapovMA.Sprint5.Task5.V28", "Tyuiu.SchcapovMA.Sprint5.Task5.V28\Tyuiu.SchcapovMA.Sprint5.Task5.V28.csproj", "{A6A75687-3F50-4D9F-994C-B60483CF601C}"
EndProject
Project("{9A19103F-16F7-4668-BE54-9A1E7A4F7556}") = "Tyuiu.SchcapovMA.Sprint5.Task5.V28.Lib", "Tyuiu.SchcapovMA.Sprint5.Task5.V28.Lib\Tyuiu.SchcapovMA.Sprint5.Task5.V28.Lib.csproj", "{F590E6C3-A67A-43CB-8801-039C53F931A1}"
EndProject
Project("{9A19103F-16F7-4668-BE54-9A1E7A4F7556}") = "Tyuiu.SchcapovMA.Sprint5.Task5.V28.Test", "Tyuiu.SchcapovMA.Sprint5.Task5.V28.Test\Tyuiu.SchcapovMA.Sprint5.Task5.V28.Test.csproj", "{4F968335-F868-421C-B045-573768E0B670}"
EndProject
Project("{2150E333-8FDC-42A3-9474-1A3956D46DE8}") = "Task6", "Task6", "{47664FD8-ABC1-4641-811E-13161A2AA43C}"
EndProject
Project("{FAE04EC0-301F-11D3-BF4B-00C04F79EFBC}") = "Tyuiu.SchcapovMA.Sprint5.Task6.V7", "Tyuiu.SchcapovMA.Sprint5.Task6.V7\Tyuiu.SchcapovMA.Sprint5.Task6.V7.csproj", "{814CC5C2-98B8-4AB4-A1C5-0573CF9EB485}"
EndProject
Project("{FAE04EC0-301F-11D3-BF4B-00C04F79EFBC}") = "Tyuiu.SchcapovMA.Sprint5.Task6.V7.Lib", "Tyuiu.SchcapovMA.Sprint5.Task6.V7.Lib\Tyuiu.SchcapovMA.Sprint5.Task6.V7.Lib.csproj", "{FA77D967-B972-439B-882A-7909B4C6E95E}"
EndProject
Project("{FAE04EC0-301F-11D3-BF4B-00C04F79EFBC}") = "Tyuiu.SchcapovMA.Sprint5.Task6.V7.Test", "Tyuiu.SchcapovMA.Sprint5.Task6.V7.Test\Tyuiu.SchcapovMA.Sprint5.Task6.V7.Test.csproj", "{D33C92C4-4F10-43FE-8E93-C3495FEF779C}"
EndProject
Global
	GlobalSection(SolutionConfigurationPlatforms) = preSolution
		Debug|Any CPU = Debug|Any CPU
		Release|Any CPU = Release|Any CPU
	EndGlobalSection
	GlobalSection(ProjectConfigurationPlatforms) = postSolution
		{868DCB7F-4047-431E-9F9A-1BD5A6DD2A28}.Debug|Any CPU.ActiveCfg = Debug|Any CPU
		{868DCB7F-4047-431E-9F9A-1BD5A6DD2A28}.Debug|Any CPU.Build.0 = Debug|Any CPU
		{868DCB7F-4047-431E-9F9A-1BD5A6DD2A28}.Release|Any CPU.ActiveCfg = Release|Any CPU
		{868DCB7F-4047-431E-9F9A-1BD5A6DD2A28}.Release|Any CPU.Build.0 = Release|Any CPU
		{2B40157D-AA5D-4599-88A5-BCA4F1E2A8B8}.Debug|Any CPU.ActiveCfg = Debug|Any CPU
		{2B40157D-AA5D-4599-88A5-BCA4F1E2A8B8}.Debug|Any CPU.Build.0 = Debug|Any CPU
		{2B40157D-AA5D-4599-88A5-BCA4F1E2A8B8}.Release|Any CPU.ActiveCfg = Release|Any CPU
		{2B40157D-AA5D-4599-88A5-BCA4F1E2A8B8}.Release|Any CPU.Build.0 = Release|Any CPU
		{7A1E5031-0FEE-449B-A728-78FBD9832E85}.Debug|Any CPU.ActiveCfg = Debug|Any CPU
		{7A1E5031-0FEE-449B-A728-78FBD9832E85}.Debug|Any CPU.Build.0 = Debug|Any CPU
		{7A1E5031-0FEE-449B-A728-78FBD9832E85}.Release|Any CPU.ActiveCfg = Release|Any CPU
		{7A1E5031-0FEE-449B-A728-78FBD9832E85}.Release|Any CPU.Build.0 = Release|Any CPU
		{B921A90D-0283-4CD1-9825-6EAE192D78BE}.Debug|Any CPU.ActiveCfg = Debug|Any CPU
		{B921A90D-0283-4CD1-9825-6EAE192D78BE}.Debug|Any CPU.Build.0 = Debug|Any CPU
		{B921A90D-0283-4CD1-9825-6EAE192D78BE}.Release|Any CPU.ActiveCfg = Release|Any CPU
		{B921A90D-0283-4CD1-9825-6EAE192D78BE}.Release|Any CPU.Build.0 = Release|Any CPU
		{2D4DA6E0-FD50-4FA1-940D-580E8A7D6DFA}.Debug|Any CPU.ActiveCfg = Debug|Any CPU
		{2D4DA6E0-FD50-4FA1-940D-580E8A7D6DFA}.Debug|Any CPU.Build.0 = Debug|Any CPU
		{2D4DA6E0-FD50-4FA1-940D-580E8A7D6DFA}.Release|Any CPU.ActiveCfg = Release|Any CPU
		{2D4DA6E0-FD50-4FA1-940D-580E8A7D6DFA}.Release|Any CPU.Build.0 = Release|Any CPU
		{EDD68923-CCC0-4701-9C41-FA3FEDE956DF}.Debug|Any CPU.ActiveCfg = Debug|Any CPU
		{EDD68923-CCC0-4701-9C41-FA3FEDE956DF}.Debug|Any CPU.Build.0 = Debug|Any CPU
		{EDD68923-CCC0-4701-9C41-FA3FEDE956DF}.Release|Any CPU.ActiveCfg = Release|Any CPU
		{EDD68923-CCC0-4701-9C41-FA3FEDE956DF}.Release|Any CPU.Build.0 = Release|Any CPU
		{A348D0BA-71E8-461F-B22A-3438F65839D4}.Debug|Any CPU.ActiveCfg = Debug|Any CPU
		{A348D0BA-71E8-461F-B22A-3438F65839D4}.Debug|Any CPU.Build.0 = Debug|Any CPU
		{A348D0BA-71E8-461F-B22A-3438F65839D4}.Release|Any CPU.ActiveCfg = Release|Any CPU
		{A348D0BA-71E8-461F-B22A-3438F65839D4}.Release|Any CPU.Build.0 = Release|Any CPU
		{20B9C800-FE99-46EA-8170-837A4094AA24}.Debug|Any CPU.ActiveCfg = Debug|Any CPU
		{20B9C800-FE99-46EA-8170-837A4094AA24}.Debug|Any CPU.Build.0 = Debug|Any CPU
		{20B9C800-FE99-46EA-8170-837A4094AA24}.Release|Any CPU.ActiveCfg = Release|Any CPU
		{20B9C800-FE99-46EA-8170-837A4094AA24}.Release|Any CPU.Build.0 = Release|Any CPU
		{F0AA28F5-351D-424A-A479-13F88238BBCA}.Debug|Any CPU.ActiveCfg = Debug|Any CPU
		{F0AA28F5-351D-424A-A479-13F88238BBCA}.Debug|Any CPU.Build.0 = Debug|Any CPU
		{F0AA28F5-351D-424A-A479-13F88238BBCA}.Release|Any CPU.ActiveCfg = Release|Any CPU
		{F0AA28F5-351D-424A-A479-13F88238BBCA}.Release|Any CPU.Build.0 = Release|Any CPU
		{C9256EB2-A828-4C68-AB81-A40F3B8D2EB1}.Debug|Any CPU.ActiveCfg = Debug|Any CPU
		{C9256EB2-A828-4C68-AB81-A40F3B8D2EB1}.Debug|Any CPU.Build.0 = Debug|Any CPU
		{C9256EB2-A828-4C68-AB81-A40F3B8D2EB1}.Release|Any CPU.ActiveCfg = Release|Any CPU
		{C9256EB2-A828-4C68-AB81-A40F3B8D2EB1}.Release|Any CPU.Build.0 = Release|Any CPU
		{C06AA432-70BE-4BBF-8217-819F1154EAC0}.Debug|Any CPU.ActiveCfg = Debug|Any CPU
		{C06AA432-70BE-4BBF-8217-819F1154EAC0}.Debug|Any CPU.Build.0 = Debug|Any CPU
		{C06AA432-70BE-4BBF-8217-819F1154EAC0}.Release|Any CPU.ActiveCfg = Release|Any CPU
		{C06AA432-70BE-4BBF-8217-819F1154EAC0}.Release|Any CPU.Build.0 = Release|Any CPU
		{1E6F0C45-E71D-4915-91CD-C6933DC56CBA}.Debug|Any CPU.ActiveCfg = Debug|Any CPU
		{1E6F0C45-E71D-4915-91CD-C6933DC56CBA}.Debug|Any CPU.Build.0 = Debug|Any CPU
		{1E6F0C45-E71D-4915-91CD-C6933DC56CBA}.Release|Any CPU.ActiveCfg = Release|Any CPU
		{1E6F0C45-E71D-4915-91CD-C6933DC56CBA}.Release|Any CPU.Build.0 = Release|Any CPU
		{A90083C6-3434-4E4E-B77A-C047E925429D}.Debug|Any CPU.ActiveCfg = Debug|Any CPU
		{A90083C6-3434-4E4E-B77A-C047E925429D}.Debug|Any CPU.Build.0 = Debug|Any CPU
		{A90083C6-3434-4E4E-B77A-C047E925429D}.Release|Any CPU.ActiveCfg = Release|Any CPU
		{A90083C6-3434-4E4E-B77A-C047E925429D}.Release|Any CPU.Build.0 = Release|Any CPU
		{7AB6CBFB-76CC-4BC6-8901-016C1C7DD9E0}.Debug|Any CPU.ActiveCfg = Debug|Any CPU
		{7AB6CBFB-76CC-4BC6-8901-016C1C7DD9E0}.Debug|Any CPU.Build.0 = Debug|Any CPU
		{7AB6CBFB-76CC-4BC6-8901-016C1C7DD9E0}.Release|Any CPU.ActiveCfg = Release|Any CPU
		{7AB6CBFB-76CC-4BC6-8901-016C1C7DD9E0}.Release|Any CPU.Build.0 = Release|Any CPU
		{8C6F8173-FFA0-4E1D-8B8C-B8EA5C1C3011}.Debug|Any CPU.ActiveCfg = Debug|Any CPU
		{8C6F8173-FFA0-4E1D-8B8C-B8EA5C1C3011}.Debug|Any CPU.Build.0 = Debug|Any CPU
		{8C6F8173-FFA0-4E1D-8B8C-B8EA5C1C3011}.Release|Any CPU.ActiveCfg = Release|Any CPU
		{8C6F8173-FFA0-4E1D-8B8C-B8EA5C1C3011}.Release|Any CPU.Build.0 = Release|Any CPU
		{A6A75687-3F50-4D9F-994C-B60483CF601C}.Debug|Any CPU.ActiveCfg = Debug|Any CPU
		{A6A75687-3F50-4D9F-994C-B60483CF601C}.Debug|Any CPU.Build.0 = Debug|Any CPU
		{A6A75687-3F50-4D9F-994C-B60483CF601C}.Release|Any CPU.ActiveCfg = Release|Any CPU
		{A6A75687-3F50-4D9F-994C-B60483CF601C}.Release|Any CPU.Build.0 = Release|Any CPU
		{F590E6C3-A67A-43CB-8801-039C53F931A1}.Debug|Any CPU.ActiveCfg = Debug|Any CPU
		{F590E6C3-A67A-43CB-8801-039C53F931A1}.Debug|Any CPU.Build.0 = Debug|Any CPU
		{F590E6C3-A67A-43CB-8801-039C53F931A1}.Release|Any CPU.ActiveCfg = Release|Any CPU
		{F590E6C3-A67A-43CB-8801-039C53F931A1}.Release|Any CPU.Build.0 = Release|Any CPU
		{4F968335-F868-421C-B045-573768E0B670}.Debug|Any CPU.ActiveCfg = Debug|Any CPU
		{4F968335-F868-421C-B045-573768E0B670}.Debug|Any CPU.Build.0 = Debug|Any CPU
		{4F968335-F868-421C-B045-573768E0B670}.Release|Any CPU.ActiveCfg = Release|Any CPU
		{4F968335-F868-421C-B045-573768E0B670}.Release|Any CPU.Build.0 = Release|Any CPU
		{814CC5C2-98B8-4AB4-A1C5-0573CF9EB485}.Debug|Any CPU.ActiveCfg = Debug|Any CPU
		{814CC5C2-98B8-4AB4-A1C5-0573CF9EB485}.Debug|Any CPU.Build.0 = Debug|Any CPU
		{814CC5C2-98B8-4AB4-A1C5-0573CF9EB485}.Release|Any CPU.ActiveCfg = Release|Any CPU
		{814CC5C2-98B8-4AB4-A1C5-0573CF9EB485}.Release|Any CPU.Build.0 = Release|Any CPU
		{FA77D967-B972-439B-882A-7909B4C6E95E}.Debug|Any CPU.ActiveCfg = Debug|Any CPU
		{FA77D967-B972-439B-882A-7909B4C6E95E}.Debug|Any CPU.Build.0 = Debug|Any CPU
		{FA77D967-B972-439B-882A-7909B4C6E95E}.Release|Any CPU.ActiveCfg = Release|Any CPU
		{FA77D967-B972-439B-882A-7909B4C6E95E}.Release|Any CPU.Build.0 = Release|Any CPU
		{D33C92C4-4F10-43FE-8E93-C3495FEF779C}.Debug|Any CPU.ActiveCfg = Debug|Any CPU
		{D33C92C4-4F10-43FE-8E93-C3495FEF779C}.Debug|Any CPU.Build.0 = Debug|Any CPU
		{D33C92C4-4F10-43FE-8E93-C3495FEF779C}.Release|Any CPU.ActiveCfg = Release|Any CPU
		{D33C92C4-4F10-43FE-8E93-C3495FEF779C}.Release|Any CPU.Build.0 = Release|Any CPU
	EndGlobalSection
	GlobalSection(SolutionProperties) = preSolution
		HideSolutionNode = FALSE
	EndGlobalSection
	GlobalSection(NestedProjects) = preSolution
		{868DCB7F-4047-431E-9F9A-1BD5A6DD2A28} = {0E93D7D3-3D9F-470D-9C23-C41FD10D1209}
		{2B40157D-AA5D-4599-88A5-BCA4F1E2A8B8} = {0E93D7D3-3D9F-470D-9C23-C41FD10D1209}
		{7A1E5031-0FEE-449B-A728-78FBD9832E85} = {0E93D7D3-3D9F-470D-9C23-C41FD10D1209}
		{B921A90D-0283-4CD1-9825-6EAE192D78BE} = {FE1BA208-92CD-4AAD-8500-F038F1CDCDCE}
		{2D4DA6E0-FD50-4FA1-940D-580E8A7D6DFA} = {FE1BA208-92CD-4AAD-8500-F038F1CDCDCE}
		{EDD68923-CCC0-4701-9C41-FA3FEDE956DF} = {FE1BA208-92CD-4AAD-8500-F038F1CDCDCE}
		{A348D0BA-71E8-461F-B22A-3438F65839D4} = {CB5842EE-8773-49D5-8A59-2B6EECD5F7D0}
		{20B9C800-FE99-46EA-8170-837A4094AA24} = {CB5842EE-8773-49D5-8A59-2B6EECD5F7D0}
		{F0AA28F5-351D-424A-A479-13F88238BBCA} = {CB5842EE-8773-49D5-8A59-2B6EECD5F7D0}
		{C9256EB2-A828-4C68-AB81-A40F3B8D2EB1} = {E8095777-FA38-4B45-9A48-3D49AA86967B}
		{C06AA432-70BE-4BBF-8217-819F1154EAC0} = {E8095777-FA38-4B45-9A48-3D49AA86967B}
		{1E6F0C45-E71D-4915-91CD-C6933DC56CBA} = {E8095777-FA38-4B45-9A48-3D49AA86967B}
		{A90083C6-3434-4E4E-B77A-C047E925429D} = {1E92F713-2B07-4645-926B-94ADEDF9618A}
		{7AB6CBFB-76CC-4BC6-8901-016C1C7DD9E0} = {1E92F713-2B07-4645-926B-94ADEDF9618A}
		{8C6F8173-FFA0-4E1D-8B8C-B8EA5C1C3011} = {1E92F713-2B07-4645-926B-94ADEDF9618A}
		{A6A75687-3F50-4D9F-994C-B60483CF601C} = {6C294537-55F2-44D4-BD64-5562B350D94C}
		{F590E6C3-A67A-43CB-8801-039C53F931A1} = {6C294537-55F2-44D4-BD64-5562B350D94C}
		{4F968335-F868-421C-B045-573768E0B670} = {6C294537-55F2-44D4-BD64-5562B350D94C}
		{814CC5C2-98B8-4AB4-A1C5-0573CF9EB485} = {47664FD8-ABC1-4641-811E-13161A2AA43C}
		{FA77D967-B972-439B-882A-7909B4C6E95E} = {47664FD8-ABC1-4641-811E-13161A2AA43C}
		{D33C92C4-4F10-43FE-8E93-C3495FEF779C} = {47664FD8-ABC1-4641-811E-13161A2AA43C}
	EndGlobalSection
	GlobalSection(ExtensibilityGlobals) = postSolution
		SolutionGuid = {00D49DB9-4F16-4883-91E2-B894BA57A88C}
	EndGlobalSection
EndGlobal
